{
  "name": "sitemagic",
  "version": "5.0.0",
  "lockfileVersion": 1,
  "requires": true,
  "dependencies": {
    "fit-ui": {
      "version": "1.9.15",
      "resolved": "https://registry.npmjs.org/fit-ui/-/fit-ui-1.9.15.tgz",
      "integrity": "sha512-P5RCLXSmsFi2UtEtfdTavBNS7uaNQU4fY33wSZd7o24axP5vlPzFCeKsLnXa7JT+ZAP55n3JxrKp+QMPGY+2QQ==",
      "dev": true
    }
  }
}
