{
  "name": "sitemagic",
  "version": "4.4.0",
  "lockfileVersion": 1,
  "requires": true,
  "dependencies": {
    "fit-ui": {
      "version": "1.2.7",
      "resolved": "https://registry.npmjs.org/fit-ui/-/fit-ui-1.2.7.tgz",
      "integrity": "sha512-BhO3EalOuhIiTa/jVVh9F/d6nPpCRSin0KWfZXGrBu+eLYcw0adVg8rcsgE3Hn/W7vWJCDi46ZylHtwf2wKqoA==",
      "dev": true
    }
  }
}
