{
  "name": "sitemagic",
  "version": "4.4.0",
  "lockfileVersion": 1,
  "requires": true,
  "dependencies": {
    "fit-ui": {
      "version": "1.0.24",
      "resolved": "https://registry.npmjs.org/fit-ui/-/fit-ui-1.0.24.tgz",
      "integrity": "sha512-MhanNnHFaD0HKxSw2qfCi5hqZ2KJhAKggf76ej4xWXgRMlcsU8/OgMZ0Grff59bWYsVV5yPvtlSD9Shy1JYzDw==",
      "dev": true
    }
  }
}
